
Microsoft Visual Studio Solution File, Format Version 12.00
# Visual Studio 15
VisualStudioVersion = 15.0.27130.2020
MinimumVisualStudioVersion = 10.0.40219.1
Project("{9A19103F-16F7-4668-BE54-9A1E7A4F7556}") = "Zhaso", "Zhaso\Zhaso.csproj", "{B5EFFB49-904F-49C9-9EF9-BE83EBF98AD9}"
EndProject
Project("{9A19103F-16F7-4668-BE54-9A1E7A4F7556}") = "Zhaso.Web", "Zhaso.Web\Zhaso.Web.csproj", "{0FCE4BE9-A96F-4364-A879-C89FFE61648B}"
EndProject
Project("{9A19103F-16F7-4668-BE54-9A1E7A4F7556}") = "Zhaso.Services", "Zhaso.Services\Zhaso.Services.csproj", "{7B37B4E0-2210-4B74-823F-1C7AA26AFF88}"
EndProject
Project("{9A19103F-16F7-4668-BE54-9A1E7A4F7556}") = "Zhaso.Repositories", "Zhaso.Repositories\Zhaso.Repositories.csproj", "{7AC18835-BD7F-47EF-9A21-865CB69ACB2A}"
EndProject
Project("{9A19103F-16F7-4668-BE54-9A1E7A4F7556}") = "Zhaso.Data", "Zhaso.Data\Zhaso.Data.csproj", "{2B3C9BDB-3B7B-4D21-878B-1F3697AC578D}"
EndProject
Project("{9A19103F-16F7-4668-BE54-9A1E7A4F7556}") = "Zhaso.Entities", "Zhaso.Entities\Zhaso.Entities.csproj", "{97055D27-11A6-49BF-882B-0221BB9AB5D1}"
EndProject
Global
	GlobalSection(SolutionConfigurationPlatforms) = preSolution
		Debug|Any CPU = Debug|Any CPU
		Release|Any CPU = Release|Any CPU
	EndGlobalSection
	GlobalSection(ProjectConfigurationPlatforms) = postSolution
		{B5EFFB49-904F-49C9-9EF9-BE83EBF98AD9}.Debug|Any CPU.ActiveCfg = Debug|Any CPU
		{B5EFFB49-904F-49C9-9EF9-BE83EBF98AD9}.Debug|Any CPU.Build.0 = Debug|Any CPU
		{B5EFFB49-904F-49C9-9EF9-BE83EBF98AD9}.Release|Any CPU.ActiveCfg = Release|Any CPU
		{B5EFFB49-904F-49C9-9EF9-BE83EBF98AD9}.Release|Any CPU.Build.0 = Release|Any CPU
		{0FCE4BE9-A96F-4364-A879-C89FFE61648B}.Debug|Any CPU.ActiveCfg = Debug|Any CPU
		{0FCE4BE9-A96F-4364-A879-C89FFE61648B}.Debug|Any CPU.Build.0 = Debug|Any CPU
		{0FCE4BE9-A96F-4364-A879-C89FFE61648B}.Release|Any CPU.ActiveCfg = Release|Any CPU
		{0FCE4BE9-A96F-4364-A879-C89FFE61648B}.Release|Any CPU.Build.0 = Release|Any CPU
		{7B37B4E0-2210-4B74-823F-1C7AA26AFF88}.Debug|Any CPU.ActiveCfg = Debug|Any CPU
		{7B37B4E0-2210-4B74-823F-1C7AA26AFF88}.Debug|Any CPU.Build.0 = Debug|Any CPU
		{7B37B4E0-2210-4B74-823F-1C7AA26AFF88}.Release|Any CPU.ActiveCfg = Release|Any CPU
		{7B37B4E0-2210-4B74-823F-1C7AA26AFF88}.Release|Any CPU.Build.0 = Release|Any CPU
		{7AC18835-BD7F-47EF-9A21-865CB69ACB2A}.Debug|Any CPU.ActiveCfg = Debug|Any CPU
		{7AC18835-BD7F-47EF-9A21-865CB69ACB2A}.Debug|Any CPU.Build.0 = Debug|Any CPU
		{7AC18835-BD7F-47EF-9A21-865CB69ACB2A}.Release|Any CPU.ActiveCfg = Release|Any CPU
		{7AC18835-BD7F-47EF-9A21-865CB69ACB2A}.Release|Any CPU.Build.0 = Release|Any CPU
		{2B3C9BDB-3B7B-4D21-878B-1F3697AC578D}.Debug|Any CPU.ActiveCfg = Debug|Any CPU
		{2B3C9BDB-3B7B-4D21-878B-1F3697AC578D}.Debug|Any CPU.Build.0 = Debug|Any CPU
		{2B3C9BDB-3B7B-4D21-878B-1F3697AC578D}.Release|Any CPU.ActiveCfg = Release|Any CPU
		{2B3C9BDB-3B7B-4D21-878B-1F3697AC578D}.Release|Any CPU.Build.0 = Release|Any CPU
		{97055D27-11A6-49BF-882B-0221BB9AB5D1}.Debug|Any CPU.ActiveCfg = Debug|Any CPU
		{97055D27-11A6-49BF-882B-0221BB9AB5D1}.Debug|Any CPU.Build.0 = Debug|Any CPU
		{97055D27-11A6-49BF-882B-0221BB9AB5D1}.Release|Any CPU.ActiveCfg = Release|Any CPU
		{97055D27-11A6-49BF-882B-0221BB9AB5D1}.Release|Any CPU.Build.0 = Release|Any CPU
	EndGlobalSection
	GlobalSection(SolutionProperties) = preSolution
		HideSolutionNode = FALSE
	EndGlobalSection
	GlobalSection(ExtensibilityGlobals) = postSolution
		SolutionGuid = {44F44431-886A-478C-A7D6-407AC65596CC}
	EndGlobalSection
EndGlobal
